
Microsoft Visual Studio Solution File, Format Version 12.00
# Visual Studio 15
VisualStudioVersion = 15.0.28010.2041
MinimumVisualStudioVersion = 10.0.40219.1
Project("{9A19103F-16F7-4668-BE54-9A1E7A4F7556}") = "mathcalci", "mathcalci\mathcalci.csproj", "{29600224-B3F8-4A4A-961F-FE2E8F459897}"
EndProject
Project("{FAE04EC0-301F-11D3-BF4B-00C04F79EFBC}") = "mathcalcitest", "mathcalcitest\mathcalcitest.csproj", "{B0D3E98F-AB87-4383-8B6B-C0776EF42750}"
EndProject
Global
	GlobalSection(SolutionConfigurationPlatforms) = preSolution
		Debug|Any CPU = Debug|Any CPU
		Release|Any CPU = Release|Any CPU
	EndGlobalSection
	GlobalSection(ProjectConfigurationPlatforms) = postSolution
		{29600224-B3F8-4A4A-961F-FE2E8F459897}.Debug|Any CPU.ActiveCfg = Debug|Any CPU
		{29600224-B3F8-4A4A-961F-FE2E8F459897}.Debug|Any CPU.Build.0 = Debug|Any CPU
		{29600224-B3F8-4A4A-961F-FE2E8F459897}.Release|Any CPU.ActiveCfg = Release|Any CPU
		{29600224-B3F8-4A4A-961F-FE2E8F459897}.Release|Any CPU.Build.0 = Release|Any CPU
		{B0D3E98F-AB87-4383-8B6B-C0776EF42750}.Debug|Any CPU.ActiveCfg = Debug|Any CPU
		{B0D3E98F-AB87-4383-8B6B-C0776EF42750}.Debug|Any CPU.Build.0 = Debug|Any CPU
		{B0D3E98F-AB87-4383-8B6B-C0776EF42750}.Release|Any CPU.ActiveCfg = Release|Any CPU
		{B0D3E98F-AB87-4383-8B6B-C0776EF42750}.Release|Any CPU.Build.0 = Release|Any CPU
	EndGlobalSection
	GlobalSection(SolutionProperties) = preSolution
		HideSolutionNode = FALSE
	EndGlobalSection
	GlobalSection(ExtensibilityGlobals) = postSolution
		SolutionGuid = {45AF339B-12C4-4C30-9B43-87A4E6FC5CB3}
	EndGlobalSection
EndGlobal
